<?xml version="1.0" encoding="utf-8"?>
<Project ToolsVersion="4.0" xmlns="http://schemas.microsoft.com/developer/msbuild/2003">
  <ItemGroup>
    <Filter Include="Source Files">
      <UniqueIdentifier>{4FC737F1-C7A5-4376-A066-2A32D752A2FF}</UniqueIdentifier>
      <Extensions>cpp;c;cc;cxx;c++;cppm;ixx;def;odl;idl;hpj;bat;asm;asmx</Extensions>
    </Filter>
    <Filter Include="Header Files">
      <UniqueIdentifier>{93995380-89BD-4b04-88EB-625FBE52EBFB}</UniqueIdentifier>
      <Extensions>h;hh;hpp;hxx;h++;hm;inl;inc;ipp;xsd</Extensions>
    </Filter>
    <Filter Include="Resource Files">
      <UniqueIdentifier>{67DA6AB6-F800-4c08-8B7A-83BB121AAD01}</UniqueIdentifier>
      <Extensions>rc;ico;cur;bmp;dlg;rc2;rct;bin;rgs;gif;jpg;jpeg;jpe;resx;tiff;tif;png;wav;mfcribbon-ms</Extensions>
    </Filter>
    <Filter Include="Source Files\txt">
      <UniqueIdentifier>{0d7a87d2-b1b9-48b1-a68e-54c8d78b98ab}</UniqueIdentifier>
    </Filter>
    <Filter Include="Source Files\1.0. ListaDubla">
      <UniqueIdentifier>{0185b718-0bc9-4a88-b28e-ca8f4fbdfc5f}</UniqueIdentifier>
    </Filter>
    <Filter Include="Source Files\1.1 sablonListaDubla">
      <UniqueIdentifier>{57ccfe80-82a4-4fad-85ef-59476e032e4e}</UniqueIdentifier>
    </Filter>
    <Filter Include="Source Files\sablon ListaSimpla + ListaDeListe">
      <UniqueIdentifier>{9c7846f2-f1d6-46a5-8026-d180f05dda41}</UniqueIdentifier>
    </Filter>
    <Filter Include="Source Files\TabelaDispersie">
      <UniqueIdentifier>{9b9e9f0a-9546-4cef-954f-5c4d3648f2cb}</UniqueIdentifier>
    </Filter>
    <Filter Include="Source Files\ListaDubla + Vector">
      <UniqueIdentifier>{33d68720-96b5-431b-8468-c9ee6eeb5088}</UniqueIdentifier>
    </Filter>
    <Filter Include="Source Files\%28Test2%29Coada-Queue">
      <UniqueIdentifier>{667f4b2c-8a69-4f01-9a21-d65e5f34dd8a}</UniqueIdentifier>
    </Filter>
  </ItemGroup>
  <ItemGroup>
    <ClCompile Include="Comanda%28listaDubla%29 - foarteBunExemplu.c">
      <Filter>Source Files\1.0. ListaDubla</Filter>
    </ClCompile>
    <ClCompile Include="cursaAeriana(ListaDubla).c">
      <Filter>Source Files\1.0. ListaDubla</Filter>
    </ClCompile>
    <ClCompile Include="factura%28listaDubla + vector%29.c">
      <Filter>Source Files\1.0. ListaDubla</Filter>
    </ClCompile>
    <ClCompile Include="Proiect%28listaDubla%29 - eu.c">
      <Filter>Source Files\1.0. ListaDubla</Filter>
    </ClCompile>
    <ClCompile Include="..\..\..\..\..\SDD INVATARE\Subiecte 2023\Voucher%28lista dubla%29\Voucher%28listaDubla%29 - exemplu.c">
      <Filter>Source Files\1.0. ListaDubla</Filter>
    </ClCompile>
    <ClCompile Include="Voucher%28listaDubla%29- deMine.c">
      <Filter>Source Files\1.0. ListaDubla</Filter>
    </ClCompile>
    <ClCompile Include="..\..\..\..\..\SDD2025\Recapitulare structuri(Teodor)\Recapitulare_Structuri\ListaDubla.c">
      <Filter>Source Files\1.1 sablonListaDubla</Filter>
    </ClCompile>
    <ClCompile Include="..\..\..\..\..\SDD2025\Recapitulare structuri(Teodor)\Recapitulare_Structuri\ListaSimpla.c">
      <Filter>Source Files\sablon ListaSimpla + ListaDeListe</Filter>
    </ClCompile>
    <ClCompile Include="..\..\..\..\..\SDD2025\Recapitulare structuri(Teodor)\Recapitulare_Structuri\ListaListe.c">
      <Filter>Source Files\sablon ListaSimpla + ListaDeListe</Filter>
    </ClCompile>
    <ClCompile Include="..\..\..\..\..\SDD(pt EXAM)\Liste\AgentiiBancare_LIstaSimpla+ListadeListe.c">
      <Filter>Source Files\sablon ListaSimpla + ListaDeListe</Filter>
    </ClCompile>
    <ClCompile Include="1Martie%28listaSimplaInlantuita%29.c">
      <Filter>Source Files\sablon ListaSimpla + ListaDeListe</Filter>
    </ClCompile>
    <ClCompile Include="Proiect%28listaDubla%29.c">
      <Filter>Source Files\1.0. ListaDubla</Filter>
    </ClCompile>
    <ClCompile Include="Factura(listaDubla) - eu.c">
      <Filter>Source Files\1.0. ListaDubla</Filter>
    </ClCompile>
    <ClCompile Include="..\..\..\..\..\SDD2025\Recapitulare structuri%28Teodor%29\Recapitulare_Structuri\TabelaChaining - Razvan.c">
      <Filter>Source Files\TabelaDispersie</Filter>
    </ClCompile>
    <ClCompile Include="ComandaTabelaChaining.c">
      <Filter>Source Files\TabelaDispersie</Filter>
    </ClCompile>
    <ClCompile Include="22Martie.c">
      <Filter>Source Files\TabelaDispersie</Filter>
    </ClCompile>
    <ClCompile Include="CursaAeriana(listaDubla) - eu.c">
      <Filter>Source Files\1.0. ListaDubla</Filter>
    </ClCompile>
    <ClCompile Include="..\..\..\..\..\SDD(pt EXAM)\Liste\Consultatie - listadeliste.c">
      <Filter>Source Files\sablon ListaSimpla + ListaDeListe</Filter>
    </ClCompile>
    <ClCompile Include="..\..\..\..\..\SDD(pt EXAM)\Liste\Sticla_ListeSimpluInlantuite.c">
      <Filter>Source Files\sablon ListaSimpla + ListaDeListe</Filter>
    </ClCompile>
    <ClCompile Include="Produs%28listaSimpla%29 - eu.c">
      <Filter>Source Files\sablon ListaSimpla + ListaDeListe</Filter>
    </ClCompile>
    <ClCompile Include="Produs%28listaDeListe%29 - eu FOARTE BUN.c">
      <Filter>Source Files\sablon ListaSimpla + ListaDeListe</Filter>
    </ClCompile>
    <ClCompile Include="Produs(listaSimpla) - exersareEu.c">
      <Filter>Source Files\sablon ListaSimpla + ListaDeListe</Filter>
    </ClCompile>
    <ClCompile Include="Produs(listaDeListe) - exersareEu.c">
      <Filter>Source Files\sablon ListaSimpla + ListaDeListe</Filter>
    </ClCompile>
    <ClCompile Include="Produs(listaDubla) - eu.c">
      <Filter>Source Files\1.0. ListaDubla</Filter>
    </ClCompile>
    <ClCompile Include="Produs(listaDeListe) - euV2.c">
      <Filter>Source Files\sablon ListaSimpla + ListaDeListe</Filter>
    </ClCompile>
    <ClCompile Include="ListaDeLista%28Ciurea%29- Student.c">
      <Filter>Source Files\sablon ListaSimpla + ListaDeListe</Filter>
    </ClCompile>
    <ClCompile Include="TabelaChaining - CIUREA.c">
      <Filter>Source Files\TabelaDispersie</Filter>
    </ClCompile>
    <ClCompile Include="Produs%28listaDubla + vector- facut de AI%29 - euV2 .C">
      <Filter>Source Files\1.0. ListaDubla</Filter>
    </ClCompile>
    <ClCompile Include="Student(listaDeListe) - eu.c">
      <Filter>Source Files\sablon ListaSimpla + ListaDeListe</Filter>
    </ClCompile>
    <ClCompile Include="Student(listaDubla).c">
      <Filter>Source Files\1.0. ListaDubla</Filter>
    </ClCompile>
    <ClCompile Include="Carte(listaDubla + Vector).c">
      <Filter>Source Files\ListaDubla + Vector</Filter>
    </ClCompile>
    <ClCompile Include="ListaDubla + Vector(Ciurea).c">
      <Filter>Source Files\ListaDubla + Vector</Filter>
    </ClCompile>
    <ClCompile Include="Student %28listaDeListe%29 v2.c">
      <Filter>Source Files\sablon ListaSimpla + ListaDeListe</Filter>
    </ClCompile>
    <ClCompile Include="Carte%28listaDubla+Vector%29V2.c">
      <Filter>Source Files\ListaDubla + Vector</Filter>
    </ClCompile>
    <ClCompile Include="TabelaLinearProbing - Razvan.c">
      <Filter>Source Files\TabelaDispersie</Filter>
    </ClCompile>
    <ClCompile Include="TabelaChaining - eu.c">
      <Filter>Source Files\TabelaDispersie</Filter>
    </ClCompile>
    <ClCompile Include="TabelaLinearProbing- CIUREA.c">
      <Filter>Source Files\TabelaDispersie</Filter>
    </ClCompile>
    <ClCompile Include="TabelaChainingV2.c">
      <Filter>Source Files\TabelaDispersie</Filter>
    </ClCompile>
    <ClCompile Include="SABLON_TabelaChaining_Comanda.c">
      <Filter>Source Files\TabelaDispersie</Filter>
    </ClCompile>
    <ClCompile Include="ProdusListaDubla+vector.c">
      <Filter>Source Files\ListaDubla + Vector</Filter>
    </ClCompile>
    <ClCompile Include="StudentTabelaChaining.c">
      <Filter>Source Files\TabelaDispersie</Filter>
    </ClCompile>
    <ClCompile Include="Vagon_ListaDubla.c">
      <Filter>Source Files\ListaDubla + Vector</Filter>
    </ClCompile>
    <ClCompile Include="Farmacie_ListaDubla.c">
      <Filter>Source Files\ListaDubla + Vector</Filter>
    </ClCompile>
    <ClCompile Include="Rezervare%28listaDubla%29cuSablon + functii.c">
      <Filter>Source Files\1.0. ListaDubla</Filter>
    </ClCompile>
    <ClCompile Include="Proiect.c">
      <Filter>Source Files\1.0. ListaDubla</Filter>
    </ClCompile>
    <ClCompile Include="Comanda_2022.c">
      <Filter>Source Files\TabelaDispersie</Filter>
    </ClCompile>
    <ClCompile Include="Reteta_2022.c">
      <Filter>Source Files\TabelaDispersie</Filter>
    </ClCompile>
    <ClCompile Include="..\..\..\..\..\SDD 2025 TEST 1\Farmacie_ListaDubla+Vector2022\Farmacie_ListaDubla.c">
      <Filter>Source Files\1.0. ListaDubla</Filter>
    </ClCompile>
    <ClCompile Include="proiect+vector.c">
      <Filter>Source Files\1.0. ListaDubla</Filter>
    </ClCompile>
    <ClCompile Include="coada_sablon.c">
      <Filter>Source Files\%28Test2%29Coada-Queue</Filter>
    </ClCompile>
  </ItemGroup>
  <ItemGroup>
    <Text Include="clienti.txt">
      <Filter>Source Files\txt</Filter>
    </Text>
    <Text Include="factura.txt">
      <Filter>Source Files\txt</Filter>
    </Text>
    <Text Include="masini.txt">
      <Filter>Source Files\txt</Filter>
    </Text>
    <Text Include="proiect.txt">
      <Filter>Source Files\txt</Filter>
    </Text>
    <Text Include="txtCursaAeriana.txt">
      <Filter>Source Files\txt</Filter>
    </Text>
    <Text Include="voucher.txt">
      <Filter>Source Files\txt</Filter>
    </Text>
    <Text Include="comanda.txt">
      <Filter>Source Files\txt</Filter>
    </Text>
    <Text Include="cursaAeriana.txt">
      <Filter>Source Files\txt</Filter>
    </Text>
    <Text Include="produs.txt">
      <Filter>Source Files\txt</Filter>
    </Text>
    <Text Include="produs2.txt">
      <Filter>Source Files\txt</Filter>
    </Text>
    <Text Include="fisier.txt">
      <Filter>Source Files\txt</Filter>
    </Text>
    <Text Include="student.txt">
      <Filter>Source Files\txt</Filter>
    </Text>
    <Text Include="carte.txt">
      <Filter>Source Files\txt</Filter>
    </Text>
    <Text Include="com.txt">
      <Filter>Source Files\txt</Filter>
    </Text>
    <Text Include="tabelaChaining.txt">
      <Filter>Source Files\txt</Filter>
    </Text>
    <Text Include="text1.txt">
      <Filter>Source Files\txt</Filter>
    </Text>
    <Text Include="tabelaStudent.txt">
      <Filter>Source Files\txt</Filter>
    </Text>
    <Text Include="agentii.txt">
      <Filter>Source Files\txt</Filter>
    </Text>
    <Text Include="vagoane.txt">
      <Filter>Source Files\txt</Filter>
    </Text>
    <Text Include="vagoane_invers.txt">
      <Filter>Source Files\txt</Filter>
    </Text>
    <Text Include="farmacie.txt">
      <Filter>Source Files\txt</Filter>
    </Text>
    <Text Include="rezervare.txt">
      <Filter>Source Files\txt</Filter>
    </Text>
    <Text Include="reteta.txt">
      <Filter>Source Files\txt</Filter>
    </Text>
    <Text Include="dsd.txt">
      <Filter>Source Files\txt</Filter>
    </Text>
  </ItemGroup>
</Project>