<?xml version="1.0" encoding="utf-8"?>
<Project ToolsVersion="4.0" xmlns="http://schemas.microsoft.com/developer/msbuild/2003">
  <ItemGroup>
    <Filter Include="Source Files">
      <UniqueIdentifier>{4FC737F1-C7A5-4376-A066-2A32D752A2FF}</UniqueIdentifier>
      <Extensions>cpp;c;cc;cxx;c++;cppm;ixx;def;odl;idl;hpj;bat;asm;asmx</Extensions>
    </Filter>
    <Filter Include="Header Files">
      <UniqueIdentifier>{93995380-89BD-4b04-88EB-625FBE52EBFB}</UniqueIdentifier>
      <Extensions>h;hh;hpp;hxx;h++;hm;inl;inc;ipp;xsd</Extensions>
    </Filter>
    <Filter Include="Resource Files">
      <UniqueIdentifier>{67DA6AB6-F800-4c08-8B7A-83BB121AAD01}</UniqueIdentifier>
      <Extensions>rc;ico;cur;bmp;dlg;rc2;rct;bin;rgs;gif;jpg;jpeg;jpe;resx;tiff;tif;png;wav;mfcribbon-ms</Extensions>
    </Filter>
    <Filter Include="Source Files\txt">
      <UniqueIdentifier>{0d7a87d2-b1b9-48b1-a68e-54c8d78b98ab}</UniqueIdentifier>
    </Filter>
    <Filter Include="Source Files\ListaDubla">
      <UniqueIdentifier>{0185b718-0bc9-4a88-b28e-ca8f4fbdfc5f}</UniqueIdentifier>
    </Filter>
    <Filter Include="Source Files\sablonListaDubla">
      <UniqueIdentifier>{57ccfe80-82a4-4fad-85ef-59476e032e4e}</UniqueIdentifier>
    </Filter>
  </ItemGroup>
  <ItemGroup>
    <ClCompile Include="1Martie%28listaSimplaInlantuita%29.c">
      <Filter>Source Files</Filter>
    </ClCompile>
    <ClCompile Include="22Martie.c">
      <Filter>Source Files</Filter>
    </ClCompile>
    <ClCompile Include="ec.c">
      <Filter>Source Files</Filter>
    </ClCompile>
    <ClCompile Include="..\..\..\..\..\SDD2025\Recapitulare structuri(Teodor)\Recapitulare_Structuri\ListaSimpla.c">
      <Filter>Source Files</Filter>
    </ClCompile>
    <ClCompile Include="..\..\..\..\..\SDD2025\Recapitulare structuri(Teodor)\Recapitulare_Structuri\ListaListe.c">
      <Filter>Source Files</Filter>
    </ClCompile>
    <ClCompile Include="..\..\..\..\..\SDD(pt EXAM)\Liste\AgentiiBancare_LIstaSimpla+ListadeListe.c">
      <Filter>Source Files</Filter>
    </ClCompile>
    <ClCompile Include="Comanda%28listaDubla%29.c">
      <Filter>Source Files\ListaDubla</Filter>
    </ClCompile>
    <ClCompile Include="cursaAeriana(ListaDubla).c">
      <Filter>Source Files\ListaDubla</Filter>
    </ClCompile>
    <ClCompile Include="factura%28listaDubla + vector%29.c">
      <Filter>Source Files\ListaDubla</Filter>
    </ClCompile>
    <ClCompile Include="Proiect%28listaDubla%29.c">
      <Filter>Source Files\ListaDubla</Filter>
    </ClCompile>
    <ClCompile Include="..\..\..\..\..\SDD INVATARE\Subiecte 2023\Voucher%28lista dubla%29\Voucher%28listaDubla%29 - exemplu.c">
      <Filter>Source Files\ListaDubla</Filter>
    </ClCompile>
    <ClCompile Include="Voucher%28listaDubla%29- deMine.c">
      <Filter>Source Files\ListaDubla</Filter>
    </ClCompile>
    <ClCompile Include="..\..\..\..\..\SDD2025\Recapitulare structuri(Teodor)\Recapitulare_Structuri\ListaDubla.c">
      <Filter>Source Files\sablonListaDubla</Filter>
    </ClCompile>
  </ItemGroup>
  <ItemGroup>
    <Text Include="clienti.txt">
      <Filter>Source Files\txt</Filter>
    </Text>
    <Text Include="factura.txt">
      <Filter>Source Files\txt</Filter>
    </Text>
    <Text Include="masini.txt">
      <Filter>Source Files\txt</Filter>
    </Text>
    <Text Include="proiect.txt">
      <Filter>Source Files\txt</Filter>
    </Text>
    <Text Include="txtCursaAeriana.txt">
      <Filter>Source Files\txt</Filter>
    </Text>
    <Text Include="voucher.txt">
      <Filter>Source Files\txt</Filter>
    </Text>
  </ItemGroup>
</Project>